
Microsoft Visual Studio Solution File, Format Version 12.00
# Visual Studio 2012
Project("{FAE04EC0-301F-11D3-BF4B-00C04F79EFBC}") = "EspTouchBinding", "EspTouchBinding\EspTouchBinding.csproj", "{97CCD616-363D-43A9-8453-BDE3E800FE3B}"
EndProject
Project("{FAE04EC0-301F-11D3-BF4B-00C04F79EFBC}") = "testesptouch", "testesptouch\testesptouch.csproj", "{B3314018-163F-427B-95D9-0BE0AAB62F4C}"
EndProject
Global
	GlobalSection(SolutionConfigurationPlatforms) = preSolution
		Debug|Any CPU = Debug|Any CPU
		Release|Any CPU = Release|Any CPU
		Debug|iPhoneSimulator = Debug|iPhoneSimulator
		Release|iPhone = Release|iPhone
		Release|iPhoneSimulator = Release|iPhoneSimulator
		Debug|iPhone = Debug|iPhone
	EndGlobalSection
	GlobalSection(ProjectConfigurationPlatforms) = postSolution
		{97CCD616-363D-43A9-8453-BDE3E800FE3B}.Debug|Any CPU.ActiveCfg = Debug|Any CPU
		{97CCD616-363D-43A9-8453-BDE3E800FE3B}.Debug|Any CPU.Build.0 = Debug|Any CPU
		{97CCD616-363D-43A9-8453-BDE3E800FE3B}.Release|Any CPU.ActiveCfg = Release|Any CPU
		{97CCD616-363D-43A9-8453-BDE3E800FE3B}.Release|Any CPU.Build.0 = Release|Any CPU
		{97CCD616-363D-43A9-8453-BDE3E800FE3B}.Debug|iPhoneSimulator.ActiveCfg = Debug|Any CPU
		{97CCD616-363D-43A9-8453-BDE3E800FE3B}.Debug|iPhoneSimulator.Build.0 = Debug|Any CPU
		{97CCD616-363D-43A9-8453-BDE3E800FE3B}.Release|iPhone.ActiveCfg = Release|Any CPU
		{97CCD616-363D-43A9-8453-BDE3E800FE3B}.Release|iPhone.Build.0 = Release|Any CPU
		{97CCD616-363D-43A9-8453-BDE3E800FE3B}.Release|iPhoneSimulator.ActiveCfg = Release|Any CPU
		{97CCD616-363D-43A9-8453-BDE3E800FE3B}.Release|iPhoneSimulator.Build.0 = Release|Any CPU
		{97CCD616-363D-43A9-8453-BDE3E800FE3B}.Debug|iPhone.ActiveCfg = Debug|Any CPU
		{97CCD616-363D-43A9-8453-BDE3E800FE3B}.Debug|iPhone.Build.0 = Debug|Any CPU
		{B3314018-163F-427B-95D9-0BE0AAB62F4C}.Debug|Any CPU.ActiveCfg = Debug|iPhoneSimulator
		{B3314018-163F-427B-95D9-0BE0AAB62F4C}.Debug|Any CPU.Build.0 = Debug|iPhoneSimulator
		{B3314018-163F-427B-95D9-0BE0AAB62F4C}.Release|Any CPU.ActiveCfg = Release|iPhone
		{B3314018-163F-427B-95D9-0BE0AAB62F4C}.Release|Any CPU.Build.0 = Release|iPhone
		{B3314018-163F-427B-95D9-0BE0AAB62F4C}.Debug|iPhoneSimulator.ActiveCfg = Debug|iPhoneSimulator
		{B3314018-163F-427B-95D9-0BE0AAB62F4C}.Debug|iPhoneSimulator.Build.0 = Debug|iPhoneSimulator
		{B3314018-163F-427B-95D9-0BE0AAB62F4C}.Release|iPhone.ActiveCfg = Release|iPhone
		{B3314018-163F-427B-95D9-0BE0AAB62F4C}.Release|iPhone.Build.0 = Release|iPhone
		{B3314018-163F-427B-95D9-0BE0AAB62F4C}.Release|iPhoneSimulator.ActiveCfg = Release|iPhoneSimulator
		{B3314018-163F-427B-95D9-0BE0AAB62F4C}.Release|iPhoneSimulator.Build.0 = Release|iPhoneSimulator
		{B3314018-163F-427B-95D9-0BE0AAB62F4C}.Debug|iPhone.ActiveCfg = Debug|iPhone
		{B3314018-163F-427B-95D9-0BE0AAB62F4C}.Debug|iPhone.Build.0 = Debug|iPhone
	EndGlobalSection
EndGlobal
